
Microsoft Visual Studio Solution File, Format Version 12.00
# Visual Studio Version 17
VisualStudioVersion = 17.2.32616.157
MinimumVisualStudioVersion = 10.0.40219.1
Project("{FAE04EC0-301F-11D3-BF4B-00C04F79EFBC}") = "csharp-query-videogiochi", "csharp-query-videogiochi.csproj", "{93050E0D-0841-46C4-82BB-6BB4A8A91F82}"
EndProject
Global
	GlobalSection(SolutionConfigurationPlatforms) = preSolution
		Debug|Any CPU = Debug|Any CPU
		Release|Any CPU = Release|Any CPU
	EndGlobalSection
	GlobalSection(ProjectConfigurationPlatforms) = postSolution
		{93050E0D-0841-46C4-82BB-6BB4A8A91F82}.Debug|Any CPU.ActiveCfg = Debug|Any CPU
		{93050E0D-0841-46C4-82BB-6BB4A8A91F82}.Debug|Any CPU.Build.0 = Debug|Any CPU
		{93050E0D-0841-46C4-82BB-6BB4A8A91F82}.Release|Any CPU.ActiveCfg = Release|Any CPU
		{93050E0D-0841-46C4-82BB-6BB4A8A91F82}.Release|Any CPU.Build.0 = Release|Any CPU
	EndGlobalSection
	GlobalSection(SolutionProperties) = preSolution
		HideSolutionNode = FALSE
	EndGlobalSection
	GlobalSection(ExtensibilityGlobals) = postSolution
		SolutionGuid = {207957D8-1538-40B6-8117-6281B99404E1}
	EndGlobalSection
EndGlobal
